<?xml version="1.0" encoding="UTF-8"?>
<CodeBlocks_project_file>
	<FileVersion major="1" minor="6"/>
	<Project>
		<Option title="Bomberman"/>
		<Option makefile_is_custom="1"/>
		<Option compiler="gcc"/>
		<Option virtualFolders="CMake Files\;CMake Files\..\;CMake Files\..\..\;CMake Files\..\..\..\;CMake Files\..\..\..\.brew\;CMake Files\..\..\..\.brew\lib\;CMake Files\..\..\..\.brew\lib\cmake\;CMake Files\..\..\..\.brew\lib\cmake\SDL2\;"/>
		<Build>
			<Target title="all">
				<Option working_dir="/nfs/zfs-student-6/users/tmack/Projects/opengltut/Bomberman"/>
				<Option type="4"/>
				<MakeCommands>
					<Build command="/usr/bin/make -j4 -f &quot;/nfs/zfs-student-6/users/tmack/Projects/opengltut/Bomberman/Makefile&quot;  VERBOSE=1 all"/>
					<CompileFile command="/usr/bin/make -j4 -f &quot;/nfs/zfs-student-6/users/tmack/Projects/opengltut/Bomberman/Makefile&quot;  VERBOSE=1 &quot;$file&quot;"/>
					<Clean command="/usr/bin/make -j4 -f &quot;/nfs/zfs-student-6/users/tmack/Projects/opengltut/Bomberman/Makefile&quot;  VERBOSE=1 clean"/>
					<DistClean command="/usr/bin/make -j4 -f &quot;/nfs/zfs-student-6/users/tmack/Projects/opengltut/Bomberman/Makefile&quot;  VERBOSE=1 clean"/>
				</MakeCommands>
			</Target>
			<Target title="rebuild_cache">
				<Option working_dir="/nfs/zfs-student-6/users/tmack/Projects/opengltut/Bomberman"/>
				<Option type="4"/>
				<MakeCommands>
					<Build command="/usr/bin/make -j4 -f &quot;/nfs/zfs-student-6/users/tmack/Projects/opengltut/Bomberman/Makefile&quot;  VERBOSE=1 rebuild_cache"/>
					<CompileFile command="/usr/bin/make -j4 -f &quot;/nfs/zfs-student-6/users/tmack/Projects/opengltut/Bomberman/Makefile&quot;  VERBOSE=1 &quot;$file&quot;"/>
					<Clean command="/usr/bin/make -j4 -f &quot;/nfs/zfs-student-6/users/tmack/Projects/opengltut/Bomberman/Makefile&quot;  VERBOSE=1 clean"/>
					<DistClean command="/usr/bin/make -j4 -f &quot;/nfs/zfs-student-6/users/tmack/Projects/opengltut/Bomberman/Makefile&quot;  VERBOSE=1 clean"/>
				</MakeCommands>
			</Target>
			<Target title="edit_cache">
				<Option working_dir="/nfs/zfs-student-6/users/tmack/Projects/opengltut/Bomberman"/>
				<Option type="4"/>
				<MakeCommands>
					<Build command="/usr/bin/make -j4 -f &quot;/nfs/zfs-student-6/users/tmack/Projects/opengltut/Bomberman/Makefile&quot;  VERBOSE=1 edit_cache"/>
					<CompileFile command="/usr/bin/make -j4 -f &quot;/nfs/zfs-student-6/users/tmack/Projects/opengltut/Bomberman/Makefile&quot;  VERBOSE=1 &quot;$file&quot;"/>
					<Clean command="/usr/bin/make -j4 -f &quot;/nfs/zfs-student-6/users/tmack/Projects/opengltut/Bomberman/Makefile&quot;  VERBOSE=1 clean"/>
					<DistClean command="/usr/bin/make -j4 -f &quot;/nfs/zfs-student-6/users/tmack/Projects/opengltut/Bomberman/Makefile&quot;  VERBOSE=1 clean"/>
				</MakeCommands>
			</Target>
			<Target title="Bomberman">
				<Option output="/nfs/zfs-student-6/users/tmack/Projects/opengltut/Bomberman/Bomberman" prefix_auto="0" extension_auto="0"/>
				<Option working_dir="/nfs/zfs-student-6/users/tmack/Projects/opengltut/Bomberman"/>
				<Option object_output="./"/>
				<Option type="1"/>
				<Option compiler="gcc"/>
				<Compiler>
					<Add directory="/System/Library/Frameworks/OpenGL.framework"/>
					<Add directory="/nfs/zfs-student-6/users/tmack/.brew/Cellar/sdl2/2.0.5/include/SDL2"/>
					<Add directory="/nfs/zfs-student-6/users/tmack/.brew/Cellar/glm/0.9.8.4/include"/>
					<Add directory="/nfs/zfs-student-6/users/tmack/.brew/include"/>
					<Add directory="/Applications/Xcode.app/Contents/Developer/Toolchains/XcodeDefault.xctoolchain/usr/bin/../include/c++/v1"/>
					<Add directory="/Applications/Xcode.app/Contents/Developer/Toolchains/XcodeDefault.xctoolchain/usr/bin/../lib/clang/7.3.0/include"/>
					<Add directory="/Applications/Xcode.app/Contents/Developer/Toolchains/XcodeDefault.xctoolchain/usr/include"/>
					<Add directory="/usr/include"/>
					<Add directory="/System/Library/Frameworks"/>
					<Add directory="/Library/Frameworks"/>
				</Compiler>
				<MakeCommands>
					<Build command="/usr/bin/make -j4 -f &quot;/nfs/zfs-student-6/users/tmack/Projects/opengltut/Bomberman/Makefile&quot;  VERBOSE=1 Bomberman"/>
					<CompileFile command="/usr/bin/make -j4 -f &quot;/nfs/zfs-student-6/users/tmack/Projects/opengltut/Bomberman/Makefile&quot;  VERBOSE=1 &quot;$file&quot;"/>
					<Clean command="/usr/bin/make -j4 -f &quot;/nfs/zfs-student-6/users/tmack/Projects/opengltut/Bomberman/Makefile&quot;  VERBOSE=1 clean"/>
					<DistClean command="/usr/bin/make -j4 -f &quot;/nfs/zfs-student-6/users/tmack/Projects/opengltut/Bomberman/Makefile&quot;  VERBOSE=1 clean"/>
				</MakeCommands>
			</Target>
			<Target title="Bomberman/fast">
				<Option output="/nfs/zfs-student-6/users/tmack/Projects/opengltut/Bomberman/Bomberman" prefix_auto="0" extension_auto="0"/>
				<Option working_dir="/nfs/zfs-student-6/users/tmack/Projects/opengltut/Bomberman"/>
				<Option object_output="./"/>
				<Option type="1"/>
				<Option compiler="gcc"/>
				<Compiler>
					<Add directory="/System/Library/Frameworks/OpenGL.framework"/>
					<Add directory="/nfs/zfs-student-6/users/tmack/.brew/Cellar/sdl2/2.0.5/include/SDL2"/>
					<Add directory="/nfs/zfs-student-6/users/tmack/.brew/Cellar/glm/0.9.8.4/include"/>
					<Add directory="/nfs/zfs-student-6/users/tmack/.brew/include"/>
					<Add directory="/Applications/Xcode.app/Contents/Developer/Toolchains/XcodeDefault.xctoolchain/usr/bin/../include/c++/v1"/>
					<Add directory="/Applications/Xcode.app/Contents/Developer/Toolchains/XcodeDefault.xctoolchain/usr/bin/../lib/clang/7.3.0/include"/>
					<Add directory="/Applications/Xcode.app/Contents/Developer/Toolchains/XcodeDefault.xctoolchain/usr/include"/>
					<Add directory="/usr/include"/>
					<Add directory="/System/Library/Frameworks"/>
					<Add directory="/Library/Frameworks"/>
				</Compiler>
				<MakeCommands>
					<Build command="/usr/bin/make -j4 -f &quot;/nfs/zfs-student-6/users/tmack/Projects/opengltut/Bomberman/Makefile&quot;  VERBOSE=1 Bomberman/fast"/>
					<CompileFile command="/usr/bin/make -j4 -f &quot;/nfs/zfs-student-6/users/tmack/Projects/opengltut/Bomberman/Makefile&quot;  VERBOSE=1 &quot;$file&quot;"/>
					<Clean command="/usr/bin/make -j4 -f &quot;/nfs/zfs-student-6/users/tmack/Projects/opengltut/Bomberman/Makefile&quot;  VERBOSE=1 clean"/>
					<DistClean command="/usr/bin/make -j4 -f &quot;/nfs/zfs-student-6/users/tmack/Projects/opengltut/Bomberman/Makefile&quot;  VERBOSE=1 clean"/>
				</MakeCommands>
			</Target>
		</Build>
		<Unit filename="/nfs/zfs-student-6/users/tmack/Projects/opengltut/Bomberman/inc/Bullet.hpp">
			<Option target="Bomberman"/>
		</Unit>
		<Unit filename="/nfs/zfs-student-6/users/tmack/Projects/opengltut/Bomberman/inc/Camera2D.hpp">
			<Option target="Bomberman"/>
		</Unit>
		<Unit filename="/nfs/zfs-student-6/users/tmack/Projects/opengltut/Bomberman/inc/ErrorHandle.hpp">
			<Option target="Bomberman"/>
		</Unit>
		<Unit filename="/nfs/zfs-student-6/users/tmack/Projects/opengltut/Bomberman/inc/FpsLimiter.hpp">
			<Option target="Bomberman"/>
		</Unit>
		<Unit filename="/nfs/zfs-student-6/users/tmack/Projects/opengltut/Bomberman/inc/GLSLProgram.hpp">
			<Option target="Bomberman"/>
		</Unit>
		<Unit filename="/nfs/zfs-student-6/users/tmack/Projects/opengltut/Bomberman/inc/GLTexture.hpp">
			<Option target="Bomberman"/>
		</Unit>
		<Unit filename="/nfs/zfs-student-6/users/tmack/Projects/opengltut/Bomberman/inc/IOManager.hpp">
			<Option target="Bomberman"/>
		</Unit>
		<Unit filename="/nfs/zfs-student-6/users/tmack/Projects/opengltut/Bomberman/inc/InputManager.hpp">
			<Option target="Bomberman"/>
		</Unit>
		<Unit filename="/nfs/zfs-student-6/users/tmack/Projects/opengltut/Bomberman/inc/MainGame.hpp">
			<Option target="Bomberman"/>
		</Unit>
		<Unit filename="/nfs/zfs-student-6/users/tmack/Projects/opengltut/Bomberman/inc/ResourceManager.hpp">
			<Option target="Bomberman"/>
		</Unit>
		<Unit filename="/nfs/zfs-student-6/users/tmack/Projects/opengltut/Bomberman/inc/Sprite.hpp">
			<Option target="Bomberman"/>
		</Unit>
		<Unit filename="/nfs/zfs-student-6/users/tmack/Projects/opengltut/Bomberman/inc/SpriteBatch.hpp">
			<Option target="Bomberman"/>
		</Unit>
		<Unit filename="/nfs/zfs-student-6/users/tmack/Projects/opengltut/Bomberman/inc/TextureCache.hpp">
			<Option target="Bomberman"/>
		</Unit>
		<Unit filename="/nfs/zfs-student-6/users/tmack/Projects/opengltut/Bomberman/inc/Vertex.hpp">
			<Option target="Bomberman"/>
		</Unit>
		<Unit filename="/nfs/zfs-student-6/users/tmack/Projects/opengltut/Bomberman/inc/WTCEngine.hpp">
			<Option target="Bomberman"/>
		</Unit>
		<Unit filename="/nfs/zfs-student-6/users/tmack/Projects/opengltut/Bomberman/inc/Window.hpp">
			<Option target="Bomberman"/>
		</Unit>
		<Unit filename="/nfs/zfs-student-6/users/tmack/Projects/opengltut/Bomberman/inc/imageLoader.hpp">
			<Option target="Bomberman"/>
		</Unit>
		<Unit filename="/nfs/zfs-student-6/users/tmack/Projects/opengltut/Bomberman/inc/picoPNG.hpp">
			<Option target="Bomberman"/>
		</Unit>
		<Unit filename="/nfs/zfs-student-6/users/tmack/Projects/opengltut/Bomberman/src/Bullet.cpp">
			<Option target="Bomberman"/>
		</Unit>
		<Unit filename="/nfs/zfs-student-6/users/tmack/Projects/opengltut/Bomberman/src/Camera2D.cpp">
			<Option target="Bomberman"/>
		</Unit>
		<Unit filename="/nfs/zfs-student-6/users/tmack/Projects/opengltut/Bomberman/src/ErrorHandle.cpp">
			<Option target="Bomberman"/>
		</Unit>
		<Unit filename="/nfs/zfs-student-6/users/tmack/Projects/opengltut/Bomberman/src/FpsLimiter.cpp">
			<Option target="Bomberman"/>
		</Unit>
		<Unit filename="/nfs/zfs-student-6/users/tmack/Projects/opengltut/Bomberman/src/GLSLProgram.cpp">
			<Option target="Bomberman"/>
		</Unit>
		<Unit filename="/nfs/zfs-student-6/users/tmack/Projects/opengltut/Bomberman/src/IOManager.cpp">
			<Option target="Bomberman"/>
		</Unit>
		<Unit filename="/nfs/zfs-student-6/users/tmack/Projects/opengltut/Bomberman/src/InputManager.cpp">
			<Option target="Bomberman"/>
		</Unit>
		<Unit filename="/nfs/zfs-student-6/users/tmack/Projects/opengltut/Bomberman/src/MainGame.cpp">
			<Option target="Bomberman"/>
		</Unit>
		<Unit filename="/nfs/zfs-student-6/users/tmack/Projects/opengltut/Bomberman/src/ResourceManager.cpp">
			<Option target="Bomberman"/>
		</Unit>
		<Unit filename="/nfs/zfs-student-6/users/tmack/Projects/opengltut/Bomberman/src/Sprite.cpp">
			<Option target="Bomberman"/>
		</Unit>
		<Unit filename="/nfs/zfs-student-6/users/tmack/Projects/opengltut/Bomberman/src/SpriteBatch.cpp">
			<Option target="Bomberman"/>
		</Unit>
		<Unit filename="/nfs/zfs-student-6/users/tmack/Projects/opengltut/Bomberman/src/TextureCache.cpp">
			<Option target="Bomberman"/>
		</Unit>
		<Unit filename="/nfs/zfs-student-6/users/tmack/Projects/opengltut/Bomberman/src/WTCEngine.cpp">
			<Option target="Bomberman"/>
		</Unit>
		<Unit filename="/nfs/zfs-student-6/users/tmack/Projects/opengltut/Bomberman/src/Window.cpp">
			<Option target="Bomberman"/>
		</Unit>
		<Unit filename="/nfs/zfs-student-6/users/tmack/Projects/opengltut/Bomberman/src/imageLoader.cpp">
			<Option target="Bomberman"/>
		</Unit>
		<Unit filename="/nfs/zfs-student-6/users/tmack/Projects/opengltut/Bomberman/src/main.cpp">
			<Option target="Bomberman"/>
		</Unit>
		<Unit filename="/nfs/zfs-student-6/users/tmack/Projects/opengltut/Bomberman/src/picoPNG.cpp">
			<Option target="Bomberman"/>
		</Unit>
		<Unit filename="/nfs/zfs-student-6/users/tmack/Projects/opengltut/Bomberman/CMakeLists.txt">
			<Option virtualFolder="CMake Files\"/>
		</Unit>
		<Unit filename="/nfs/zfs-student-6/users/tmack/Projects/opengltut/Bomberman/../../../.brew/lib/cmake/SDL2/sdl2-config.cmake">
			<Option virtualFolder="CMake Files\..\..\..\.brew\lib\cmake\SDL2\"/>
		</Unit>
	</Project>
</CodeBlocks_project_file>
