<?xml version="1.0" encoding="UTF-8"?>
<CodeBlocks_project_file>
	<FileVersion major="1" minor="6"/>
	<Project>
		<Option title="game"/>
		<Option makefile_is_custom="1"/>
		<Option compiler="gcc"/>
		<Option virtualFolders="CMake Files\;"/>
		<Build>
			<Target title="all">
				<Option working_dir="/nfs/zfs-student-6/users/tmack/Desktop/Bomberman"/>
				<Option type="4"/>
				<MakeCommands>
					<Build command="/usr/bin/make -j4 -f &quot;/nfs/zfs-student-6/users/tmack/Desktop/Bomberman/Makefile&quot;  VERBOSE=1 all"/>
					<CompileFile command="/usr/bin/make -j4 -f &quot;/nfs/zfs-student-6/users/tmack/Desktop/Bomberman/Makefile&quot;  VERBOSE=1 &quot;$file&quot;"/>
					<Clean command="/usr/bin/make -j4 -f &quot;/nfs/zfs-student-6/users/tmack/Desktop/Bomberman/Makefile&quot;  VERBOSE=1 clean"/>
					<DistClean command="/usr/bin/make -j4 -f &quot;/nfs/zfs-student-6/users/tmack/Desktop/Bomberman/Makefile&quot;  VERBOSE=1 clean"/>
				</MakeCommands>
			</Target>
			<Target title="Bombermans">
				<Option output="/nfs/zfs-student-6/users/tmack/Desktop/Bomberman/Bombermans" prefix_auto="0" extension_auto="0"/>
				<Option working_dir="/nfs/zfs-student-6/users/tmack/Desktop/Bomberman"/>
				<Option object_output="./"/>
				<Option type="1"/>
				<Option compiler="gcc"/>
				<Compiler>
					<Add directory="/nfs/zfs-student-6/users/tmack/.brew/include"/>
					<Add directory="/System/Library/Frameworks/OpenGL.framework"/>
					<Add directory="/nfs/zfs-student-6/users/tmack/Desktop/Bomberman/Core/includes"/>
					<Add directory="/nfs/zfs-student-6/users/tmack/.brew/Cellar/glfw/3.2.1/include"/>
					<Add directory="/nfs/zfs-student-6/users/tmack/.brew/Cellar/glm/0.9.8.4/include"/>
					<Add directory="/nfs/zfs-student-6/users/tmack/Desktop/Bomberman/Bomberman/include"/>
					<Add directory="/Applications/Xcode.app/Contents/Developer/Toolchains/XcodeDefault.xctoolchain/usr/bin/../include/c++/v1"/>
					<Add directory="/usr/local/include"/>
					<Add directory="/Applications/Xcode.app/Contents/Developer/Toolchains/XcodeDefault.xctoolchain/usr/bin/../lib/clang/7.3.0/include"/>
					<Add directory="/Applications/Xcode.app/Contents/Developer/Toolchains/XcodeDefault.xctoolchain/usr/include"/>
					<Add directory="/usr/include"/>
					<Add directory="/System/Library/Frameworks"/>
					<Add directory="/Library/Frameworks"/>
				</Compiler>
				<MakeCommands>
					<Build command="/usr/bin/make -j4 -f &quot;/nfs/zfs-student-6/users/tmack/Desktop/Bomberman/Makefile&quot;  VERBOSE=1 Bombermans"/>
					<CompileFile command="/usr/bin/make -j4 -f &quot;/nfs/zfs-student-6/users/tmack/Desktop/Bomberman/Makefile&quot;  VERBOSE=1 &quot;$file&quot;"/>
					<Clean command="/usr/bin/make -j4 -f &quot;/nfs/zfs-student-6/users/tmack/Desktop/Bomberman/Makefile&quot;  VERBOSE=1 clean"/>
					<DistClean command="/usr/bin/make -j4 -f &quot;/nfs/zfs-student-6/users/tmack/Desktop/Bomberman/Makefile&quot;  VERBOSE=1 clean"/>
				</MakeCommands>
			</Target>
			<Target title="Bombermans/fast">
				<Option output="/nfs/zfs-student-6/users/tmack/Desktop/Bomberman/Bombermans" prefix_auto="0" extension_auto="0"/>
				<Option working_dir="/nfs/zfs-student-6/users/tmack/Desktop/Bomberman"/>
				<Option object_output="./"/>
				<Option type="1"/>
				<Option compiler="gcc"/>
				<Compiler>
					<Add directory="/nfs/zfs-student-6/users/tmack/.brew/include"/>
					<Add directory="/System/Library/Frameworks/OpenGL.framework"/>
					<Add directory="/nfs/zfs-student-6/users/tmack/Desktop/Bomberman/Core/includes"/>
					<Add directory="/nfs/zfs-student-6/users/tmack/.brew/Cellar/glfw/3.2.1/include"/>
					<Add directory="/nfs/zfs-student-6/users/tmack/.brew/Cellar/glm/0.9.8.4/include"/>
					<Add directory="/nfs/zfs-student-6/users/tmack/Desktop/Bomberman/Bomberman/include"/>
					<Add directory="/Applications/Xcode.app/Contents/Developer/Toolchains/XcodeDefault.xctoolchain/usr/bin/../include/c++/v1"/>
					<Add directory="/usr/local/include"/>
					<Add directory="/Applications/Xcode.app/Contents/Developer/Toolchains/XcodeDefault.xctoolchain/usr/bin/../lib/clang/7.3.0/include"/>
					<Add directory="/Applications/Xcode.app/Contents/Developer/Toolchains/XcodeDefault.xctoolchain/usr/include"/>
					<Add directory="/usr/include"/>
					<Add directory="/System/Library/Frameworks"/>
					<Add directory="/Library/Frameworks"/>
				</Compiler>
				<MakeCommands>
					<Build command="/usr/bin/make -j4 -f &quot;/nfs/zfs-student-6/users/tmack/Desktop/Bomberman/Makefile&quot;  VERBOSE=1 Bombermans/fast"/>
					<CompileFile command="/usr/bin/make -j4 -f &quot;/nfs/zfs-student-6/users/tmack/Desktop/Bomberman/Makefile&quot;  VERBOSE=1 &quot;$file&quot;"/>
					<Clean command="/usr/bin/make -j4 -f &quot;/nfs/zfs-student-6/users/tmack/Desktop/Bomberman/Makefile&quot;  VERBOSE=1 clean"/>
					<DistClean command="/usr/bin/make -j4 -f &quot;/nfs/zfs-student-6/users/tmack/Desktop/Bomberman/Makefile&quot;  VERBOSE=1 clean"/>
				</MakeCommands>
			</Target>
			<Target title="rebuild_cache">
				<Option working_dir="/nfs/zfs-student-6/users/tmack/Desktop/Bomberman"/>
				<Option type="4"/>
				<MakeCommands>
					<Build command="/usr/bin/make -j4 -f &quot;/nfs/zfs-student-6/users/tmack/Desktop/Bomberman/Makefile&quot;  VERBOSE=1 rebuild_cache"/>
					<CompileFile command="/usr/bin/make -j4 -f &quot;/nfs/zfs-student-6/users/tmack/Desktop/Bomberman/Makefile&quot;  VERBOSE=1 &quot;$file&quot;"/>
					<Clean command="/usr/bin/make -j4 -f &quot;/nfs/zfs-student-6/users/tmack/Desktop/Bomberman/Makefile&quot;  VERBOSE=1 clean"/>
					<DistClean command="/usr/bin/make -j4 -f &quot;/nfs/zfs-student-6/users/tmack/Desktop/Bomberman/Makefile&quot;  VERBOSE=1 clean"/>
				</MakeCommands>
			</Target>
			<Target title="edit_cache">
				<Option working_dir="/nfs/zfs-student-6/users/tmack/Desktop/Bomberman"/>
				<Option type="4"/>
				<MakeCommands>
					<Build command="/usr/bin/make -j4 -f &quot;/nfs/zfs-student-6/users/tmack/Desktop/Bomberman/Makefile&quot;  VERBOSE=1 edit_cache"/>
					<CompileFile command="/usr/bin/make -j4 -f &quot;/nfs/zfs-student-6/users/tmack/Desktop/Bomberman/Makefile&quot;  VERBOSE=1 &quot;$file&quot;"/>
					<Clean command="/usr/bin/make -j4 -f &quot;/nfs/zfs-student-6/users/tmack/Desktop/Bomberman/Makefile&quot;  VERBOSE=1 clean"/>
					<DistClean command="/usr/bin/make -j4 -f &quot;/nfs/zfs-student-6/users/tmack/Desktop/Bomberman/Makefile&quot;  VERBOSE=1 clean"/>
				</MakeCommands>
			</Target>
			<Target title="game">
				<Option output="/nfs/zfs-student-6/users/tmack/Desktop/Bomberman/game" prefix_auto="0" extension_auto="0"/>
				<Option working_dir="/nfs/zfs-student-6/users/tmack/Desktop/Bomberman"/>
				<Option object_output="./"/>
				<Option type="1"/>
				<Option compiler="gcc"/>
				<Compiler>
					<Add directory="/nfs/zfs-student-6/users/tmack/.brew/include"/>
					<Add directory="/System/Library/Frameworks/OpenGL.framework"/>
					<Add directory="/nfs/zfs-student-6/users/tmack/Desktop/Bomberman/Core/includes"/>
					<Add directory="/nfs/zfs-student-6/users/tmack/.brew/Cellar/glfw/3.2.1/include"/>
					<Add directory="/nfs/zfs-student-6/users/tmack/.brew/Cellar/glm/0.9.8.4/include"/>
					<Add directory="/nfs/zfs-student-6/users/tmack/Desktop/Bomberman/Bomberman/include"/>
					<Add directory="/Applications/Xcode.app/Contents/Developer/Toolchains/XcodeDefault.xctoolchain/usr/bin/../include/c++/v1"/>
					<Add directory="/usr/local/include"/>
					<Add directory="/Applications/Xcode.app/Contents/Developer/Toolchains/XcodeDefault.xctoolchain/usr/bin/../lib/clang/7.3.0/include"/>
					<Add directory="/Applications/Xcode.app/Contents/Developer/Toolchains/XcodeDefault.xctoolchain/usr/include"/>
					<Add directory="/usr/include"/>
					<Add directory="/System/Library/Frameworks"/>
					<Add directory="/Library/Frameworks"/>
				</Compiler>
				<MakeCommands>
					<Build command="/usr/bin/make -j4 -f &quot;/nfs/zfs-student-6/users/tmack/Desktop/Bomberman/Makefile&quot;  VERBOSE=1 game"/>
					<CompileFile command="/usr/bin/make -j4 -f &quot;/nfs/zfs-student-6/users/tmack/Desktop/Bomberman/Makefile&quot;  VERBOSE=1 &quot;$file&quot;"/>
					<Clean command="/usr/bin/make -j4 -f &quot;/nfs/zfs-student-6/users/tmack/Desktop/Bomberman/Makefile&quot;  VERBOSE=1 clean"/>
					<DistClean command="/usr/bin/make -j4 -f &quot;/nfs/zfs-student-6/users/tmack/Desktop/Bomberman/Makefile&quot;  VERBOSE=1 clean"/>
				</MakeCommands>
			</Target>
			<Target title="game/fast">
				<Option output="/nfs/zfs-student-6/users/tmack/Desktop/Bomberman/game" prefix_auto="0" extension_auto="0"/>
				<Option working_dir="/nfs/zfs-student-6/users/tmack/Desktop/Bomberman"/>
				<Option object_output="./"/>
				<Option type="1"/>
				<Option compiler="gcc"/>
				<Compiler>
					<Add directory="/nfs/zfs-student-6/users/tmack/.brew/include"/>
					<Add directory="/System/Library/Frameworks/OpenGL.framework"/>
					<Add directory="/nfs/zfs-student-6/users/tmack/Desktop/Bomberman/Core/includes"/>
					<Add directory="/nfs/zfs-student-6/users/tmack/.brew/Cellar/glfw/3.2.1/include"/>
					<Add directory="/nfs/zfs-student-6/users/tmack/.brew/Cellar/glm/0.9.8.4/include"/>
					<Add directory="/nfs/zfs-student-6/users/tmack/Desktop/Bomberman/Bomberman/include"/>
					<Add directory="/Applications/Xcode.app/Contents/Developer/Toolchains/XcodeDefault.xctoolchain/usr/bin/../include/c++/v1"/>
					<Add directory="/usr/local/include"/>
					<Add directory="/Applications/Xcode.app/Contents/Developer/Toolchains/XcodeDefault.xctoolchain/usr/bin/../lib/clang/7.3.0/include"/>
					<Add directory="/Applications/Xcode.app/Contents/Developer/Toolchains/XcodeDefault.xctoolchain/usr/include"/>
					<Add directory="/usr/include"/>
					<Add directory="/System/Library/Frameworks"/>
					<Add directory="/Library/Frameworks"/>
				</Compiler>
				<MakeCommands>
					<Build command="/usr/bin/make -j4 -f &quot;/nfs/zfs-student-6/users/tmack/Desktop/Bomberman/Makefile&quot;  VERBOSE=1 game/fast"/>
					<CompileFile command="/usr/bin/make -j4 -f &quot;/nfs/zfs-student-6/users/tmack/Desktop/Bomberman/Makefile&quot;  VERBOSE=1 &quot;$file&quot;"/>
					<Clean command="/usr/bin/make -j4 -f &quot;/nfs/zfs-student-6/users/tmack/Desktop/Bomberman/Makefile&quot;  VERBOSE=1 clean"/>
					<DistClean command="/usr/bin/make -j4 -f &quot;/nfs/zfs-student-6/users/tmack/Desktop/Bomberman/Makefile&quot;  VERBOSE=1 clean"/>
				</MakeCommands>
			</Target>
			<Target title="zion">
				<Option output="/nfs/zfs-student-6/users/tmack/Desktop/Bomberman/libzion.a" prefix_auto="0" extension_auto="0"/>
				<Option working_dir="/nfs/zfs-student-6/users/tmack/Desktop/Bomberman"/>
				<Option object_output="./"/>
				<Option type="2"/>
				<Option compiler="gcc"/>
				<Compiler>
					<Add directory="/nfs/zfs-student-6/users/tmack/.brew/include"/>
					<Add directory="/System/Library/Frameworks/OpenGL.framework"/>
					<Add directory="/nfs/zfs-student-6/users/tmack/Desktop/Bomberman/Core/includes"/>
					<Add directory="/nfs/zfs-student-6/users/tmack/.brew/Cellar/glfw/3.2.1/include"/>
					<Add directory="/nfs/zfs-student-6/users/tmack/.brew/Cellar/glm/0.9.8.4/include"/>
					<Add directory="/nfs/zfs-student-6/users/tmack/Desktop/Bomberman/Bomberman/include"/>
					<Add directory="/Applications/Xcode.app/Contents/Developer/Toolchains/XcodeDefault.xctoolchain/usr/bin/../include/c++/v1"/>
					<Add directory="/usr/local/include"/>
					<Add directory="/Applications/Xcode.app/Contents/Developer/Toolchains/XcodeDefault.xctoolchain/usr/bin/../lib/clang/7.3.0/include"/>
					<Add directory="/Applications/Xcode.app/Contents/Developer/Toolchains/XcodeDefault.xctoolchain/usr/include"/>
					<Add directory="/usr/include"/>
					<Add directory="/System/Library/Frameworks"/>
					<Add directory="/Library/Frameworks"/>
				</Compiler>
				<MakeCommands>
					<Build command="/usr/bin/make -j4 -f &quot;/nfs/zfs-student-6/users/tmack/Desktop/Bomberman/Makefile&quot;  VERBOSE=1 zion"/>
					<CompileFile command="/usr/bin/make -j4 -f &quot;/nfs/zfs-student-6/users/tmack/Desktop/Bomberman/Makefile&quot;  VERBOSE=1 &quot;$file&quot;"/>
					<Clean command="/usr/bin/make -j4 -f &quot;/nfs/zfs-student-6/users/tmack/Desktop/Bomberman/Makefile&quot;  VERBOSE=1 clean"/>
					<DistClean command="/usr/bin/make -j4 -f &quot;/nfs/zfs-student-6/users/tmack/Desktop/Bomberman/Makefile&quot;  VERBOSE=1 clean"/>
				</MakeCommands>
			</Target>
			<Target title="zion/fast">
				<Option output="/nfs/zfs-student-6/users/tmack/Desktop/Bomberman/libzion.a" prefix_auto="0" extension_auto="0"/>
				<Option working_dir="/nfs/zfs-student-6/users/tmack/Desktop/Bomberman"/>
				<Option object_output="./"/>
				<Option type="2"/>
				<Option compiler="gcc"/>
				<Compiler>
					<Add directory="/nfs/zfs-student-6/users/tmack/.brew/include"/>
					<Add directory="/System/Library/Frameworks/OpenGL.framework"/>
					<Add directory="/nfs/zfs-student-6/users/tmack/Desktop/Bomberman/Core/includes"/>
					<Add directory="/nfs/zfs-student-6/users/tmack/.brew/Cellar/glfw/3.2.1/include"/>
					<Add directory="/nfs/zfs-student-6/users/tmack/.brew/Cellar/glm/0.9.8.4/include"/>
					<Add directory="/nfs/zfs-student-6/users/tmack/Desktop/Bomberman/Bomberman/include"/>
					<Add directory="/Applications/Xcode.app/Contents/Developer/Toolchains/XcodeDefault.xctoolchain/usr/bin/../include/c++/v1"/>
					<Add directory="/usr/local/include"/>
					<Add directory="/Applications/Xcode.app/Contents/Developer/Toolchains/XcodeDefault.xctoolchain/usr/bin/../lib/clang/7.3.0/include"/>
					<Add directory="/Applications/Xcode.app/Contents/Developer/Toolchains/XcodeDefault.xctoolchain/usr/include"/>
					<Add directory="/usr/include"/>
					<Add directory="/System/Library/Frameworks"/>
					<Add directory="/Library/Frameworks"/>
				</Compiler>
				<MakeCommands>
					<Build command="/usr/bin/make -j4 -f &quot;/nfs/zfs-student-6/users/tmack/Desktop/Bomberman/Makefile&quot;  VERBOSE=1 zion/fast"/>
					<CompileFile command="/usr/bin/make -j4 -f &quot;/nfs/zfs-student-6/users/tmack/Desktop/Bomberman/Makefile&quot;  VERBOSE=1 &quot;$file&quot;"/>
					<Clean command="/usr/bin/make -j4 -f &quot;/nfs/zfs-student-6/users/tmack/Desktop/Bomberman/Makefile&quot;  VERBOSE=1 clean"/>
					<DistClean command="/usr/bin/make -j4 -f &quot;/nfs/zfs-student-6/users/tmack/Desktop/Bomberman/Makefile&quot;  VERBOSE=1 clean"/>
				</MakeCommands>
			</Target>
		</Build>
		<Unit filename="/nfs/zfs-student-6/users/tmack/Desktop/Bomberman/Bomberman/main.cpp">
			<Option target="Bombermans"/>
		</Unit>
		<Unit filename="/nfs/zfs-student-6/users/tmack/Desktop/Bomberman/Bomberman/src/Bomb.cpp">
			<Option target="Bombermans"/>
		</Unit>
		<Unit filename="/nfs/zfs-student-6/users/tmack/Desktop/Bomberman/Bomberman/src/MainGame.cpp">
			<Option target="Bombermans"/>
		</Unit>
		<Unit filename="/nfs/zfs-student-6/users/tmack/Desktop/Bomberman/Bomberman/src/block.cpp">
			<Option target="Bombermans"/>
		</Unit>
		<Unit filename="/nfs/zfs-student-6/users/tmack/Desktop/Bomberman/Bomberman/src/player.cpp">
			<Option target="Bombermans"/>
		</Unit>
		<Unit filename="/nfs/zfs-student-6/users/tmack/Desktop/Bomberman/Bomberman/src/scene.cpp">
			<Option target="Bombermans"/>
		</Unit>
		<Unit filename="/nfs/zfs-student-6/users/tmack/Desktop/Bomberman/Bomberman/src/sceneUpdate.cpp">
			<Option target="Bombermans"/>
		</Unit>
		<Unit filename="/nfs/zfs-student-6/users/tmack/Desktop/Bomberman/Core/entities/camera.cpp">
			<Option target="zion"/>
		</Unit>
		<Unit filename="/nfs/zfs-student-6/users/tmack/Desktop/Bomberman/Core/entities/input.cpp">
			<Option target="zion"/>
		</Unit>
		<Unit filename="/nfs/zfs-student-6/users/tmack/Desktop/Bomberman/Core/entities/material.cpp">
			<Option target="zion"/>
		</Unit>
		<Unit filename="/nfs/zfs-student-6/users/tmack/Desktop/Bomberman/Core/entities/shader.cpp">
			<Option target="zion"/>
		</Unit>
		<Unit filename="/nfs/zfs-student-6/users/tmack/Desktop/Bomberman/Core/entities/window.cpp">
			<Option target="zion"/>
		</Unit>
		<Unit filename="/nfs/zfs-student-6/users/tmack/Desktop/Bomberman/Core/models/gltf.cpp">
			<Option target="zion"/>
		</Unit>
		<Unit filename="/nfs/zfs-student-6/users/tmack/Desktop/Bomberman/Core/models/gltfAnimation.cpp">
			<Option target="zion"/>
		</Unit>
		<Unit filename="/nfs/zfs-student-6/users/tmack/Desktop/Bomberman/Core/render/renderer.cpp">
			<Option target="zion"/>
		</Unit>
		<Unit filename="/nfs/zfs-student-6/users/tmack/Desktop/Bomberman/Core/sprite/cubeSprite.cpp">
			<Option target="zion"/>
		</Unit>
		<Unit filename="/nfs/zfs-student-6/users/tmack/Desktop/Bomberman/Core/sprite/squareSprite.cpp">
			<Option target="zion"/>
		</Unit>
		<Unit filename="/nfs/zfs-student-6/users/tmack/Desktop/Bomberman/Core/utils/file.cpp">
			<Option target="zion"/>
		</Unit>
		<Unit filename="/nfs/zfs-student-6/users/tmack/Desktop/Bomberman/Game/main.cpp">
			<Option target="game"/>
		</Unit>
		<Unit filename="/nfs/zfs-student-6/users/tmack/Desktop/Bomberman/CMakeLists.txt">
			<Option virtualFolder="CMake Files\"/>
		</Unit>
	</Project>
</CodeBlocks_project_file>
